// !$*UTF8*$!
{
	archiveVersion = 1;
	classes = {
	};
	objectVersion = 50;
	objects = {

/* Begin PBXBuildFile section */
		8160C2B4FB2686CA6E10FA0C /* Pods_Pizza.framework in Frameworks */ = {isa = PBXBuildFile; fileRef = 479468638D6BD93304392CC9 /* Pods_Pizza.framework */; };
		CC1D35D825B7E15F00EC6FAC /* AppDelegate.swift in Sources */ = {isa = PBXBuildFile; fileRef = CC1D35D725B7E15F00EC6FAC /* AppDelegate.swift */; };
		CC1D35DA25B7E15F00EC6FAC /* SceneDelegate.swift in Sources */ = {isa = PBXBuildFile; fileRef = CC1D35D925B7E15F00EC6FAC /* SceneDelegate.swift */; };
		CC1D35DC25B7E15F00EC6FAC /* ViewController.swift in Sources */ = {isa = PBXBuildFile; fileRef = CC1D35DB25B7E15F00EC6FAC /* ViewController.swift */; };
		CC1D35DF25B7E15F00EC6FAC /* Main.storyboard in Resources */ = {isa = PBXBuildFile; fileRef = CC1D35DD25B7E15F00EC6FAC /* Main.storyboard */; };
		CC1D35E125B7E16300EC6FAC /* Assets.xcassets in Resources */ = {isa = PBXBuildFile; fileRef = CC1D35E025B7E16300EC6FAC /* Assets.xcassets */; };
		CC1D35E425B7E16300EC6FAC /* LaunchScreen.storyboard in Resources */ = {isa = PBXBuildFile; fileRef = CC1D35E225B7E16300EC6FAC /* LaunchScreen.storyboard */; };
		CC1D35ED25B7E5A200EC6FAC /* ViewModel.swift in Sources */ = {isa = PBXBuildFile; fileRef = CC1D35EC25B7E5A200EC6FAC /* ViewModel.swift */; };
		CC1D35F125B7E60B00EC6FAC /* Dynamic.swift in Sources */ = {isa = PBXBuildFile; fileRef = CC1D35F025B7E60B00EC6FAC /* Dynamic.swift */; };
		CC1D35F425B7E63500EC6FAC /* Network.swift in Sources */ = {isa = PBXBuildFile; fileRef = CC1D35F325B7E63500EC6FAC /* Network.swift */; };
		CC1D35F725B7E7FF00EC6FAC /* Model.swift in Sources */ = {isa = PBXBuildFile; fileRef = CC1D35F625B7E7FF00EC6FAC /* Model.swift */; };
		CC1D35FA25B7F10E00EC6FAC /* BannerCollectionViewCell.swift in Sources */ = {isa = PBXBuildFile; fileRef = CC1D35F925B7F10E00EC6FAC /* BannerCollectionViewCell.swift */; };
		CC1D35FD25B7F11A00EC6FAC /* PizzaCollectionViewCell.swift in Sources */ = {isa = PBXBuildFile; fileRef = CC1D35FC25B7F11A00EC6FAC /* PizzaCollectionViewCell.swift */; };
/* End PBXBuildFile section */

/* Begin PBXFileReference section */
		479468638D6BD93304392CC9 /* Pods_Pizza.framework */ = {isa = PBXFileReference; explicitFileType = wrapper.framework; includeInIndex = 0; path = Pods_Pizza.framework; sourceTree = BUILT_PRODUCTS_DIR; };
		4F06C2E5DD33B8903FEC3AD9 /* Pods-Pizza.debug.xcconfig */ = {isa = PBXFileReference; includeInIndex = 1; lastKnownFileType = text.xcconfig; name = "Pods-Pizza.debug.xcconfig"; path = "Target Support Files/Pods-Pizza/Pods-Pizza.debug.xcconfig"; sourceTree = "<group>"; };
		B05CEC4E31F22E9453BCE6F5 /* Pods-Pizza.release.xcconfig */ = {isa = PBXFileReference; includeInIndex = 1; lastKnownFileType = text.xcconfig; name = "Pods-Pizza.release.xcconfig"; path = "Target Support Files/Pods-Pizza/Pods-Pizza.release.xcconfig"; sourceTree = "<group>"; };
		CC1D35D425B7E15F00EC6FAC /* Pizza.app */ = {isa = PBXFileReference; explicitFileType = wrapper.application; includeInIndex = 0; path = Pizza.app; sourceTree = BUILT_PRODUCTS_DIR; };
		CC1D35D725B7E15F00EC6FAC /* AppDelegate.swift */ = {isa = PBXFileReference; lastKnownFileType = sourcecode.swift; path = AppDelegate.swift; sourceTree = "<group>"; };
		CC1D35D925B7E15F00EC6FAC /* SceneDelegate.swift */ = {isa = PBXFileReference; lastKnownFileType = sourcecode.swift; path = SceneDelegate.swift; sourceTree = "<group>"; };
		CC1D35DB25B7E15F00EC6FAC /* ViewController.swift */ = {isa = PBXFileReference; lastKnownFileType = sourcecode.swift; path = ViewController.swift; sourceTree = "<group>"; };
		CC1D35DE25B7E15F00EC6FAC /* Base */ = {isa = PBXFileReference; lastKnownFileType = file.storyboard; name = Base; path = Base.lproj/Main.storyboard; sourceTree = "<group>"; };
		CC1D35E025B7E16300EC6FAC /* Assets.xcassets */ = {isa = PBXFileReference; lastKnownFileType = folder.assetcatalog; path = Assets.xcassets; sourceTree = "<group>"; };
		CC1D35E325B7E16300EC6FAC /* Base */ = {isa = PBXFileReference; lastKnownFileType = file.storyboard; name = Base; path = Base.lproj/LaunchScreen.storyboard; sourceTree = "<group>"; };
		CC1D35E525B7E16300EC6FAC /* Info.plist */ = {isa = PBXFileReference; lastKnownFileType = text.plist.xml; path = Info.plist; sourceTree = "<group>"; };
		CC1D35EC25B7E5A200EC6FAC /* ViewModel.swift */ = {isa = PBXFileReference; lastKnownFileType = sourcecode.swift; path = ViewModel.swift; sourceTree = "<group>"; };
		CC1D35F025B7E60B00EC6FAC /* Dynamic.swift */ = {isa = PBXFileReference; lastKnownFileType = sourcecode.swift; path = Dynamic.swift; sourceTree = "<group>"; };
		CC1D35F325B7E63500EC6FAC /* Network.swift */ = {isa = PBXFileReference; lastKnownFileType = sourcecode.swift; path = Network.swift; sourceTree = "<group>"; };
		CC1D35F625B7E7FF00EC6FAC /* Model.swift */ = {isa = PBXFileReference; lastKnownFileType = sourcecode.swift; path = Model.swift; sourceTree = "<group>"; };
		CC1D35F925B7F10E00EC6FAC /* BannerCollectionViewCell.swift */ = {isa = PBXFileReference; lastKnownFileType = sourcecode.swift; path = BannerCollectionViewCell.swift; sourceTree = "<group>"; };
		CC1D35FC25B7F11A00EC6FAC /* PizzaCollectionViewCell.swift */ = {isa = PBXFileReference; lastKnownFileType = sourcecode.swift; path = PizzaCollectionViewCell.swift; sourceTree = "<group>"; };
/* End PBXFileReference section */

/* Begin PBXFrameworksBuildPhase section */
		CC1D35D125B7E15F00EC6FAC /* Frameworks */ = {
			isa = PBXFrameworksBuildPhase;
			buildActionMask = 2147483647;
			files = (
				8160C2B4FB2686CA6E10FA0C /* Pods_Pizza.framework in Frameworks */,
			);
			runOnlyForDeploymentPostprocessing = 0;
		};
/* End PBXFrameworksBuildPhase section */

/* Begin PBXGroup section */
		16260AC4DEB3680B44BF39BE /* Pods */ = {
			isa = PBXGroup;
			children = (
				4F06C2E5DD33B8903FEC3AD9 /* Pods-Pizza.debug.xcconfig */,
				B05CEC4E31F22E9453BCE6F5 /* Pods-Pizza.release.xcconfig */,
			);
			name = Pods;
			path = Pods;
			sourceTree = "<group>";
		};
		99C5CD3F88E9F72F84E4AC16 /* Frameworks */ = {
			isa = PBXGroup;
			children = (
				479468638D6BD93304392CC9 /* Pods_Pizza.framework */,
			);
			name = Frameworks;
			sourceTree = "<group>";
		};
		CC1D35CB25B7E15F00EC6FAC = {
			isa = PBXGroup;
			children = (
				CC1D35D625B7E15F00EC6FAC /* Pizza */,
				CC1D35D525B7E15F00EC6FAC /* Products */,
				16260AC4DEB3680B44BF39BE /* Pods */,
				99C5CD3F88E9F72F84E4AC16 /* Frameworks */,
			);
			sourceTree = "<group>";
		};
		CC1D35D525B7E15F00EC6FAC /* Products */ = {
			isa = PBXGroup;
			children = (
				CC1D35D425B7E15F00EC6FAC /* Pizza.app */,
			);
			name = Products;
			sourceTree = "<group>";
		};
		CC1D35D625B7E15F00EC6FAC /* Pizza */ = {
			isa = PBXGroup;
			children = (
				CC1D35D725B7E15F00EC6FAC /* AppDelegate.swift */,
				CC1D35D925B7E15F00EC6FAC /* SceneDelegate.swift */,
				CC1D35DB25B7E15F00EC6FAC /* ViewController.swift */,
				CC1D35EC25B7E5A200EC6FAC /* ViewModel.swift */,
				CC1D35DD25B7E15F00EC6FAC /* Main.storyboard */,
				CC1D35E025B7E16300EC6FAC /* Assets.xcassets */,
				CC1D35E225B7E16300EC6FAC /* LaunchScreen.storyboard */,
				CC1D35E525B7E16300EC6FAC /* Info.plist */,
				CC1D35F025B7E60B00EC6FAC /* Dynamic.swift */,
				CC1D35F325B7E63500EC6FAC /* Network.swift */,
				CC1D35F625B7E7FF00EC6FAC /* Model.swift */,
				CC1D35F925B7F10E00EC6FAC /* BannerCollectionViewCell.swift */,
				CC1D35FC25B7F11A00EC6FAC /* PizzaCollectionViewCell.swift */,
			);
			path = Pizza;
			sourceTree = "<group>";
		};
/* End PBXGroup section */

/* Begin PBXNativeTarget section */
		CC1D35D325B7E15F00EC6FAC /* Pizza */ = {
			isa = PBXNativeTarget;
			buildConfigurationList = CC1D35E825B7E16300EC6FAC /* Build configuration list for PBXNativeTarget "Pizza" */;
			buildPhases = (
				675E93E88924185CF1E5FD75 /* [CP] Check Pods Manifest.lock */,
				CC1D35D025B7E15F00EC6FAC /* Sources */,
				CC1D35D125B7E15F00EC6FAC /* Frameworks */,
				CC1D35D225B7E15F00EC6FAC /* Resources */,
				FE44CDB97E284A1598BAE23E /* [CP] Embed Pods Frameworks */,
			);
			buildRules = (
			);
			dependencies = (
			);
			name = Pizza;
			productName = Pizza;
			productReference = CC1D35D425B7E15F00EC6FAC /* Pizza.app */;
			productType = "com.apple.product-type.application";
		};
/* End PBXNativeTarget section */

/* Begin PBXProject section */
		CC1D35CC25B7E15F00EC6FAC /* Project object */ = {
			isa = PBXProject;
			attributes = {
				LastSwiftUpdateCheck = 1210;
				LastUpgradeCheck = 1210;
				TargetAttributes = {
					CC1D35D325B7E15F00EC6FAC = {
						CreatedOnToolsVersion = 12.1;
					};
				};
			};
			buildConfigurationList = CC1D35CF25B7E15F00EC6FAC /* Build configuration list for PBXProject "Pizza" */;
			compatibilityVersion = "Xcode 9.3";
			developmentRegion = en;
			hasScannedForEncodings = 0;
			knownRegions = (
				en,
				Base,
			);
			mainGroup = CC1D35CB25B7E15F00EC6FAC;
			productRefGroup = CC1D35D525B7E15F00EC6FAC /* Products */;
			projectDirPath = "";
			projectRoot = "";
			targets = (
				CC1D35D325B7E15F00EC6FAC /* Pizza */,
			);
		};
/* End PBXProject section */

/* Begin PBXResourcesBuildPhase section */
		CC1D35D225B7E15F00EC6FAC /* Resources */ = {
			isa = PBXResourcesBuildPhase;
			buildActionMask = 2147483647;
			files = (
				CC1D35E425B7E16300EC6FAC /* LaunchScreen.storyboard in Resources */,
				CC1D35E125B7E16300EC6FAC /* Assets.xcassets in Resources */,
				CC1D35DF25B7E15F00EC6FAC /* Main.storyboard in Resources */,
			);
			runOnlyForDeploymentPostprocessing = 0;
		};
/* End PBXResourcesBuildPhase section */

/* Begin PBXShellScriptBuildPhase section */
		675E93E88924185CF1E5FD75 /* [CP] Check Pods Manifest.lock */ = {
			isa = PBXShellScriptBuildPhase;
			buildActionMask = 2147483647;
			files = (
			);
			inputFileListPaths = (
			);
			inputPaths = (
				"${PODS_PODFILE_DIR_PATH}/Podfile.lock",
				"${PODS_ROOT}/Manifest.lock",
			);
			name = "[CP] Check Pods Manifest.lock";
			outputFileListPaths = (
			);
			outputPaths = (
				"$(DERIVED_FILE_DIR)/Pods-Pizza-checkManifestLockResult.txt",
			);
			runOnlyForDeploymentPostprocessing = 0;
			shellPath = /bin/sh;
			shellScript = "diff \"${PODS_PODFILE_DIR_PATH}/Podfile.lock\" \"${PODS_ROOT}/Manifest.lock\" > /dev/null\nif [ $? != 0 ] ; then\n    # print error to STDERR\n    echo \"error: The sandbox is not in sync with the Podfile.lock. Run 'pod install' or update your CocoaPods installation.\" >&2\n    exit 1\nfi\n# This output is used by Xcode 'outputs' to avoid re-running this script phase.\necho \"SUCCESS\" > \"${SCRIPT_OUTPUT_FILE_0}\"\n";
			showEnvVarsInLog = 0;
		};
		FE44CDB97E284A1598BAE23E /* [CP] Embed Pods Frameworks */ = {
			isa = PBXShellScriptBuildPhase;
			buildActionMask = 2147483647;
			files = (
			);
			inputFileListPaths = (
				"${PODS_ROOT}/Target Support Files/Pods-Pizza/Pods-Pizza-frameworks-${CONFIGURATION}-input-files.xcfilelist",
			);
			name = "[CP] Embed Pods Frameworks";
			outputFileListPaths = (
				"${PODS_ROOT}/Target Support Files/Pods-Pizza/Pods-Pizza-frameworks-${CONFIGURATION}-output-files.xcfilelist",
			);
			runOnlyForDeploymentPostprocessing = 0;
			shellPath = /bin/sh;
			shellScript = "\"${PODS_ROOT}/Target Support Files/Pods-Pizza/Pods-Pizza-frameworks.sh\"\n";
			showEnvVarsInLog = 0;
		};
/* End PBXShellScriptBuildPhase section */

/* Begin PBXSourcesBuildPhase section */
		CC1D35D025B7E15F00EC6FAC /* Sources */ = {
			isa = PBXSourcesBuildPhase;
			buildActionMask = 2147483647;
			files = (
				CC1D35F725B7E7FF00EC6FAC /* Model.swift in Sources */,
				CC1D35DC25B7E15F00EC6FAC /* ViewController.swift in Sources */,
				CC1D35F125B7E60B00EC6FAC /* Dynamic.swift in Sources */,
				CC1D35FD25B7F11A00EC6FAC /* PizzaCollectionViewCell.swift in Sources */,
				CC1D35F425B7E63500EC6FAC /* Network.swift in Sources */,
				CC1D35D825B7E15F00EC6FAC /* AppDelegate.swift in Sources */,
				CC1D35ED25B7E5A200EC6FAC /* ViewModel.swift in Sources */,
				CC1D35FA25B7F10E00EC6FAC /* BannerCollectionViewCell.swift in Sources */,
				CC1D35DA25B7E15F00EC6FAC /* SceneDelegate.swift in Sources */,
			);
			runOnlyForDeploymentPostprocessing = 0;
		};
/* End PBXSourcesBuildPhase section */

/* Begin PBXVariantGroup section */
		CC1D35DD25B7E15F00EC6FAC /* Main.storyboard */ = {
			isa = PBXVariantGroup;
			children = (
				CC1D35DE25B7E15F00EC6FAC /* Base */,
			);
			name = Main.storyboard;
			sourceTree = "<group>";
		};
		CC1D35E225B7E16300EC6FAC /* LaunchScreen.storyboard */ = {
			isa = PBXVariantGroup;
			children = (
				CC1D35E325B7E16300EC6FAC /* Base */,
			);
			name = LaunchScreen.storyboard;
			sourceTree = "<group>";
		};
/* End PBXVariantGroup section */

/* Begin XCBuildConfiguration section */
		CC1D35E625B7E16300EC6FAC /* Debug */ = {
			isa = XCBuildConfiguration;
			buildSettings = {
				ALWAYS_SEARCH_USER_PATHS = NO;
				CLANG_ANALYZER_NONNULL = YES;
				CLANG_ANALYZER_NUMBER_OBJECT_CONVERSION = YES_AGGRESSIVE;
				CLANG_CXX_LANGUAGE_STANDARD = "gnu++14";
				CLANG_CXX_LIBRARY = "libc++";
				CLANG_ENABLE_MODULES = YES;
				CLANG_ENABLE_OBJC_ARC = YES;
				CLANG_ENABLE_OBJC_WEAK = YES;
				CLANG_WARN_BLOCK_CAPTURE_AUTORELEASING = YES;
				CLANG_WARN_BOOL_CONVERSION = YES;
				CLANG_WARN_COMMA = YES;
				CLANG_WARN_CONSTANT_CONVERSION = YES;
				CLANG_WARN_DEPRECATED_OBJC_IMPLEMENTATIONS = YES;
				CLANG_WARN_DIRECT_OBJC_ISA_USAGE = YES_ERROR;
				CLANG_WARN_DOCUMENTATION_COMMENTS = YES;
				CLANG_WARN_EMPTY_BODY = YES;
				CLANG_WARN_ENUM_CONVERSION = YES;
				CLANG_WARN_INFINITE_RECURSION = YES;
				CLANG_WARN_INT_CONVERSION = YES;
				CLANG_WARN_NON_LITERAL_NULL_CONVERSION = YES;
				CLANG_WARN_OBJC_IMPLICIT_RETAIN_SELF = YES;
				CLANG_WARN_OBJC_LITERAL_CONVERSION = YES;
				CLANG_WARN_OBJC_ROOT_CLASS = YES_ERROR;
				CLANG_WARN_QUOTED_INCLUDE_IN_FRAMEWORK_HEADER = YES;
				CLANG_WARN_RANGE_LOOP_ANALYSIS = YES;
				CLANG_WARN_STRICT_PROTOTYPES = YES;
				CLANG_WARN_SUSPICIOUS_MOVE = YES;
				CLANG_WARN_UNGUARDED_AVAILABILITY = YES_AGGRESSIVE;
				CLANG_WARN_UNREACHABLE_CODE = YES;
				CLANG_WARN__DUPLICATE_METHOD_MATCH = YES;
				COPY_PHASE_STRIP = NO;
				DEBUG_INFORMATION_FORMAT = dwarf;
				ENABLE_STRICT_OBJC_MSGSEND = YES;
				ENABLE_TESTABILITY = YES;
				GCC_C_LANGUAGE_STANDARD = gnu11;
				GCC_DYNAMIC_NO_PIC = NO;
				GCC_NO_COMMON_BLOCKS = YES;
				GCC_OPTIMIZATION_LEVEL = 0;
				GCC_PREPROCESSOR_DEFINITIONS = (
					"DEBUG=1",
					"$(inherited)",
				);
				GCC_WARN_64_TO_32_BIT_CONVERSION = YES;
				GCC_WARN_ABOUT_RETURN_TYPE = YES_ERROR;
				GCC_WARN_UNDECLARED_SELECTOR = YES;
				GCC_WARN_UNINITIALIZED_AUTOS = YES_AGGRESSIVE;
				GCC_WARN_UNUSED_FUNCTION = YES;
				GCC_WARN_UNUSED_VARIABLE = YES;
				IPHONEOS_DEPLOYMENT_TARGET = 14.1;
				MTL_ENABLE_DEBUG_INFO = INCLUDE_SOURCE;
				MTL_FAST_MATH = YES;
				ONLY_ACTIVE_ARCH = YES;
				SDKROOT = iphoneos;
				SWIFT_ACTIVE_COMPILATION_CONDITIONS = DEBUG;
				SWIFT_OPTIMIZATION_LEVEL = "-Onone";
			};
			name = Debug;
		};
		CC1D35E725B7E16300EC6FAC /* Release */ = {
			isa = XCBuildConfiguration;
			buildSettings = {
				ALWAYS_SEARCH_USER_PATHS = NO;
				CLANG_ANALYZER_NONNULL = YES;
				CLANG_ANALYZER_NUMBER_OBJECT_CONVERSION = YES_AGGRESSIVE;
				CLANG_CXX_LANGUAGE_STANDARD = "gnu++14";
				CLANG_CXX_LIBRARY = "libc++";
				CLANG_ENABLE_MODULES = YES;
				CLANG_ENABLE_OBJC_ARC = YES;
				CLANG_ENABLE_OBJC_WEAK = YES;
				CLANG_WARN_BLOCK_CAPTURE_AUTORELEASING = YES;
				CLANG_WARN_BOOL_CONVERSION = YES;
				CLANG_WARN_COMMA = YES;
				CLANG_WARN_CONSTANT_CONVERSION = YES;
				CLANG_WARN_DEPRECATED_OBJC_IMPLEMENTATIONS = YES;
				CLANG_WARN_DIRECT_OBJC_ISA_USAGE = YES_ERROR;
				CLANG_WARN_DOCUMENTATION_COMMENTS = YES;
				CLANG_WARN_EMPTY_BODY = YES;
				CLANG_WARN_ENUM_CONVERSION = YES;
				CLANG_WARN_INFINITE_RECURSION = YES;
				CLANG_WARN_INT_CONVERSION = YES;
				CLANG_WARN_NON_LITERAL_NULL_CONVERSION = YES;
				CLANG_WARN_OBJC_IMPLICIT_RETAIN_SELF = YES;
				CLANG_WARN_OBJC_LITERAL_CONVERSION = YES;
				CLANG_WARN_OBJC_ROOT_CLASS = YES_ERROR;
				CLANG_WARN_QUOTED_INCLUDE_IN_FRAMEWORK_HEADER = YES;
				CLANG_WARN_RANGE_LOOP_ANALYSIS = YES;
				CLANG_WARN_STRICT_PROTOTYPES = YES;
				CLANG_WARN_SUSPICIOUS_MOVE = YES;
				CLANG_WARN_UNGUARDED_AVAILABILITY = YES_AGGRESSIVE;
				CLANG_WARN_UNREACHABLE_CODE = YES;
				CLANG_WARN__DUPLICATE_METHOD_MATCH = YES;
				COPY_PHASE_STRIP = NO;
				DEBUG_INFORMATION_FORMAT = "dwarf-with-dsym";
				ENABLE_NS_ASSERTIONS = NO;
				ENABLE_STRICT_OBJC_MSGSEND = YES;
				GCC_C_LANGUAGE_STANDARD = gnu11;
				GCC_NO_COMMON_BLOCKS = YES;
				GCC_WARN_64_TO_32_BIT_CONVERSION = YES;
				GCC_WARN_ABOUT_RETURN_TYPE = YES_ERROR;
				GCC_WARN_UNDECLARED_SELECTOR = YES;
				GCC_WARN_UNINITIALIZED_AUTOS = YES_AGGRESSIVE;
				GCC_WARN_UNUSED_FUNCTION = YES;
				GCC_WARN_UNUSED_VARIABLE = YES;
				IPHONEOS_DEPLOYMENT_TARGET = 14.1;
				MTL_ENABLE_DEBUG_INFO = NO;
				MTL_FAST_MATH = YES;
				SDKROOT = iphoneos;
				SWIFT_COMPILATION_MODE = wholemodule;
				SWIFT_OPTIMIZATION_LEVEL = "-O";
				VALIDATE_PRODUCT = YES;
			};
			name = Release;
		};
		CC1D35E925B7E16300EC6FAC /* Debug */ = {
			isa = XCBuildConfiguration;
			baseConfigurationReference = 4F06C2E5DD33B8903FEC3AD9 /* Pods-Pizza.debug.xcconfig */;
			buildSettings = {
				ASSETCATALOG_COMPILER_APPICON_NAME = AppIcon;
				ASSETCATALOG_COMPILER_GLOBAL_ACCENT_COLOR_NAME = AccentColor;
				CODE_SIGN_STYLE = Automatic;
				INFOPLIST_FILE = Pizza/Info.plist;
				LD_RUNPATH_SEARCH_PATHS = (
					"$(inherited)",
					"@executable_path/Frameworks",
				);
				PRODUCT_BUNDLE_IDENTIFIER = com.pradeep.Pizza;
				PRODUCT_NAME = "$(TARGET_NAME)";
				SWIFT_VERSION = 5.0;
				TARGETED_DEVICE_FAMILY = "1,2";
			};
			name = Debug;
		};
		CC1D35EA25B7E16300EC6FAC /* Release */ = {
			isa = XCBuildConfiguration;
			baseConfigurationReference = B05CEC4E31F22E9453BCE6F5 /* Pods-Pizza.release.xcconfig */;
			buildSettings = {
				ASSETCATALOG_COMPILER_APPICON_NAME = AppIcon;
				ASSETCATALOG_COMPILER_GLOBAL_ACCENT_COLOR_NAME = AccentColor;
				CODE_SIGN_STYLE = Automatic;
				INFOPLIST_FILE = Pizza/Info.plist;
				LD_RUNPATH_SEARCH_PATHS = (
					"$(inherited)",
					"@executable_path/Frameworks",
				);
				PRODUCT_BUNDLE_IDENTIFIER = com.pradeep.Pizza;
				PRODUCT_NAME = "$(TARGET_NAME)";
				SWIFT_VERSION = 5.0;
				TARGETED_DEVICE_FAMILY = "1,2";
			};
			name = Release;
		};
/* End XCBuildConfiguration section */

/* Begin XCConfigurationList section */
		CC1D35CF25B7E15F00EC6FAC /* Build configuration list for PBXProject "Pizza" */ = {
			isa = XCConfigurationList;
			buildConfigurations = (
				CC1D35E625B7E16300EC6FAC /* Debug */,
				CC1D35E725B7E16300EC6FAC /* Release */,
			);
			defaultConfigurationIsVisible = 0;
			defaultConfigurationName = Release;
		};
		CC1D35E825B7E16300EC6FAC /* Build configuration list for PBXNativeTarget "Pizza" */ = {
			isa = XCConfigurationList;
			buildConfigurations = (
				CC1D35E925B7E16300EC6FAC /* Debug */,
				CC1D35EA25B7E16300EC6FAC /* Release */,
			);
			defaultConfigurationIsVisible = 0;
			defaultConfigurationName = Release;
		};
/* End XCConfigurationList section */
	};
	rootObject = CC1D35CC25B7E15F00EC6FAC /* Project object */;
}
